
Microsoft Visual Studio Solution File, Format Version 12.00
# Visual Studio 15
VisualStudioVersion = 15.0.26730.16
MinimumVisualStudioVersion = 10.0.40219.1
Project("{FAE04EC0-301F-11D3-BF4B-00C04F79EFBC}") = "01. Convert from base-10 to base-N", "1\01. Convert from base-10 to base-N.csproj", "{26E3696E-03F0-4072-911F-7DF1ED795851}"
EndProject
Project("{FAE04EC0-301F-11D3-BF4B-00C04F79EFBC}") = "02. Convert from base-N to base-10", "02. Convert from base-N to base-10\02. Convert from base-N to base-10.csproj", "{B31185AC-6CE1-4DC8-9E05-8BBCFB4593CA}"
EndProject
Project("{FAE04EC0-301F-11D3-BF4B-00C04F79EFBC}") = "03. Unicode Characters", "03. Unicode Characters\03. Unicode Characters.csproj", "{D9E2C4B1-FE3F-45C8-857F-E13201A96BF6}"
EndProject
Project("{FAE04EC0-301F-11D3-BF4B-00C04F79EFBC}") = "04. Character Multiplier", "04. Character Multiplier\04. Character Multiplier.csproj", "{8C84F4DD-9487-418C-A4DE-85A9E5AA27BB}"
EndProject
Project("{FAE04EC0-301F-11D3-BF4B-00C04F79EFBC}") = "05. Magic exchangeable words", "05. Magic exchangeable words\05. Magic exchangeable words.csproj", "{9BC4DF4D-436A-4DA5-9BE5-04ECD4AC7FA4}"
EndProject
Project("{FAE04EC0-301F-11D3-BF4B-00C04F79EFBC}") = "06. Sum big numbers", "06. Sum big numbers\06. Sum big numbers.csproj", "{8C826CDF-9D61-4C9C-86AF-8D4CDF643708}"
EndProject
Project("{FAE04EC0-301F-11D3-BF4B-00C04F79EFBC}") = "07. Multiply big number", "07. Multiply big number\07. Multiply big number.csproj", "{397BF42D-BFF9-4281-A268-68D8024FEDBD}"
EndProject
Project("{FAE04EC0-301F-11D3-BF4B-00C04F79EFBC}") = "08. Letters Change Numbers", "08. Letters Change Numbers\08. Letters Change Numbers.csproj", "{47A97345-8589-496E-AE91-E6BDE802653E}"
EndProject
Project("{FAE04EC0-301F-11D3-BF4B-00C04F79EFBC}") = "09. Melrah Shake", "09. Melrah Shake\09. Melrah Shake.csproj", "{9635D89C-2E62-4F74-AD12-22F9DD2A1070}"
EndProject
Global
	GlobalSection(SolutionConfigurationPlatforms) = preSolution
		Debug|Any CPU = Debug|Any CPU
		Release|Any CPU = Release|Any CPU
	EndGlobalSection
	GlobalSection(ProjectConfigurationPlatforms) = postSolution
		{26E3696E-03F0-4072-911F-7DF1ED795851}.Debug|Any CPU.ActiveCfg = Debug|Any CPU
		{26E3696E-03F0-4072-911F-7DF1ED795851}.Debug|Any CPU.Build.0 = Debug|Any CPU
		{26E3696E-03F0-4072-911F-7DF1ED795851}.Release|Any CPU.ActiveCfg = Release|Any CPU
		{26E3696E-03F0-4072-911F-7DF1ED795851}.Release|Any CPU.Build.0 = Release|Any CPU
		{B31185AC-6CE1-4DC8-9E05-8BBCFB4593CA}.Debug|Any CPU.ActiveCfg = Debug|Any CPU
		{B31185AC-6CE1-4DC8-9E05-8BBCFB4593CA}.Debug|Any CPU.Build.0 = Debug|Any CPU
		{B31185AC-6CE1-4DC8-9E05-8BBCFB4593CA}.Release|Any CPU.ActiveCfg = Release|Any CPU
		{B31185AC-6CE1-4DC8-9E05-8BBCFB4593CA}.Release|Any CPU.Build.0 = Release|Any CPU
		{D9E2C4B1-FE3F-45C8-857F-E13201A96BF6}.Debug|Any CPU.ActiveCfg = Debug|Any CPU
		{D9E2C4B1-FE3F-45C8-857F-E13201A96BF6}.Debug|Any CPU.Build.0 = Debug|Any CPU
		{D9E2C4B1-FE3F-45C8-857F-E13201A96BF6}.Release|Any CPU.ActiveCfg = Release|Any CPU
		{D9E2C4B1-FE3F-45C8-857F-E13201A96BF6}.Release|Any CPU.Build.0 = Release|Any CPU
		{8C84F4DD-9487-418C-A4DE-85A9E5AA27BB}.Debug|Any CPU.ActiveCfg = Debug|Any CPU
		{8C84F4DD-9487-418C-A4DE-85A9E5AA27BB}.Debug|Any CPU.Build.0 = Debug|Any CPU
		{8C84F4DD-9487-418C-A4DE-85A9E5AA27BB}.Release|Any CPU.ActiveCfg = Release|Any CPU
		{8C84F4DD-9487-418C-A4DE-85A9E5AA27BB}.Release|Any CPU.Build.0 = Release|Any CPU
		{9BC4DF4D-436A-4DA5-9BE5-04ECD4AC7FA4}.Debug|Any CPU.ActiveCfg = Debug|Any CPU
		{9BC4DF4D-436A-4DA5-9BE5-04ECD4AC7FA4}.Debug|Any CPU.Build.0 = Debug|Any CPU
		{9BC4DF4D-436A-4DA5-9BE5-04ECD4AC7FA4}.Release|Any CPU.ActiveCfg = Release|Any CPU
		{9BC4DF4D-436A-4DA5-9BE5-04ECD4AC7FA4}.Release|Any CPU.Build.0 = Release|Any CPU
		{8C826CDF-9D61-4C9C-86AF-8D4CDF643708}.Debug|Any CPU.ActiveCfg = Debug|Any CPU
		{8C826CDF-9D61-4C9C-86AF-8D4CDF643708}.Debug|Any CPU.Build.0 = Debug|Any CPU
		{8C826CDF-9D61-4C9C-86AF-8D4CDF643708}.Release|Any CPU.ActiveCfg = Release|Any CPU
		{8C826CDF-9D61-4C9C-86AF-8D4CDF643708}.Release|Any CPU.Build.0 = Release|Any CPU
		{397BF42D-BFF9-4281-A268-68D8024FEDBD}.Debug|Any CPU.ActiveCfg = Debug|Any CPU
		{397BF42D-BFF9-4281-A268-68D8024FEDBD}.Debug|Any CPU.Build.0 = Debug|Any CPU
		{397BF42D-BFF9-4281-A268-68D8024FEDBD}.Release|Any CPU.ActiveCfg = Release|Any CPU
		{397BF42D-BFF9-4281-A268-68D8024FEDBD}.Release|Any CPU.Build.0 = Release|Any CPU
		{47A97345-8589-496E-AE91-E6BDE802653E}.Debug|Any CPU.ActiveCfg = Debug|Any CPU
		{47A97345-8589-496E-AE91-E6BDE802653E}.Debug|Any CPU.Build.0 = Debug|Any CPU
		{47A97345-8589-496E-AE91-E6BDE802653E}.Release|Any CPU.ActiveCfg = Release|Any CPU
		{47A97345-8589-496E-AE91-E6BDE802653E}.Release|Any CPU.Build.0 = Release|Any CPU
		{9635D89C-2E62-4F74-AD12-22F9DD2A1070}.Debug|Any CPU.ActiveCfg = Debug|Any CPU
		{9635D89C-2E62-4F74-AD12-22F9DD2A1070}.Debug|Any CPU.Build.0 = Debug|Any CPU
		{9635D89C-2E62-4F74-AD12-22F9DD2A1070}.Release|Any CPU.ActiveCfg = Release|Any CPU
		{9635D89C-2E62-4F74-AD12-22F9DD2A1070}.Release|Any CPU.Build.0 = Release|Any CPU
	EndGlobalSection
	GlobalSection(SolutionProperties) = preSolution
		HideSolutionNode = FALSE
	EndGlobalSection
	GlobalSection(ExtensibilityGlobals) = postSolution
		SolutionGuid = {A7A9358C-F639-481F-BE8A-966FAB2FF9F4}
	EndGlobalSection
EndGlobal
