
Microsoft Visual Studio Solution File, Format Version 12.00
# Visual Studio 15
VisualStudioVersion = 15.0.26730.16
MinimumVisualStudioVersion = 10.0.40219.1
Project("{FAE04EC0-301F-11D3-BF4B-00C04F79EFBC}") = "01. Extract Emails", "01. Extract Emails\01. Extract Emails.csproj", "{C6780564-7BE6-419C-9701-073AC3DB610F}"
EndProject
Project("{FAE04EC0-301F-11D3-BF4B-00C04F79EFBC}") = "02. Extract Sentences by Keyword", "02. Extract Sentences by Keyword\02. Extract Sentences by Keyword.csproj", "{8DC45FEB-7369-4AC4-B56E-5887B4271D8A}"
EndProject
Project("{FAE04EC0-301F-11D3-BF4B-00C04F79EFBC}") = "03. Camera View", "03. Camera View\03. Camera View.csproj", "{A9A38C7E-1F08-4C00-905A-E3C896079069}"
EndProject
Project("{FAE04EC0-301F-11D3-BF4B-00C04F79EFBC}") = "04. Weather", "04. Weather\04. Weather.csproj", "{E2D595D6-28BD-4C7D-8AB8-82C4595F97C8}"
EndProject
Project("{FAE04EC0-301F-11D3-BF4B-00C04F79EFBC}") = "05. Key Replacer 83p", "05. Key Replacer\05. Key Replacer 83p.csproj", "{47A83B3B-E00C-41EE-B3DF-94DFF4E855FA}"
EndProject
Project("{FAE04EC0-301F-11D3-BF4B-00C04F79EFBC}") = "05. Key Replacer 100p", "05. Key Replacer 100p\05. Key Replacer 100p.csproj", "{FFF5D56E-93D2-441C-98CB-29B25E38147E}"
EndProject
Project("{FAE04EC0-301F-11D3-BF4B-00C04F79EFBC}") = "06. Valid Usernames", "06. Valid Usernames\06. Valid Usernames.csproj", "{4A87EBD1-5466-4EE7-9651-84C2549E053B}"
EndProject
Project("{FAE04EC0-301F-11D3-BF4B-00C04F79EFBC}") = "07. Query Mess", "07. Query Mess\07. Query Mess.csproj", "{84890E46-DEFC-499D-A60A-258C80205464}"
EndProject
Global
	GlobalSection(SolutionConfigurationPlatforms) = preSolution
		Debug|Any CPU = Debug|Any CPU
		Release|Any CPU = Release|Any CPU
	EndGlobalSection
	GlobalSection(ProjectConfigurationPlatforms) = postSolution
		{C6780564-7BE6-419C-9701-073AC3DB610F}.Debug|Any CPU.ActiveCfg = Debug|Any CPU
		{C6780564-7BE6-419C-9701-073AC3DB610F}.Debug|Any CPU.Build.0 = Debug|Any CPU
		{C6780564-7BE6-419C-9701-073AC3DB610F}.Release|Any CPU.ActiveCfg = Release|Any CPU
		{C6780564-7BE6-419C-9701-073AC3DB610F}.Release|Any CPU.Build.0 = Release|Any CPU
		{8DC45FEB-7369-4AC4-B56E-5887B4271D8A}.Debug|Any CPU.ActiveCfg = Debug|Any CPU
		{8DC45FEB-7369-4AC4-B56E-5887B4271D8A}.Debug|Any CPU.Build.0 = Debug|Any CPU
		{8DC45FEB-7369-4AC4-B56E-5887B4271D8A}.Release|Any CPU.ActiveCfg = Release|Any CPU
		{8DC45FEB-7369-4AC4-B56E-5887B4271D8A}.Release|Any CPU.Build.0 = Release|Any CPU
		{A9A38C7E-1F08-4C00-905A-E3C896079069}.Debug|Any CPU.ActiveCfg = Debug|Any CPU
		{A9A38C7E-1F08-4C00-905A-E3C896079069}.Debug|Any CPU.Build.0 = Debug|Any CPU
		{A9A38C7E-1F08-4C00-905A-E3C896079069}.Release|Any CPU.ActiveCfg = Release|Any CPU
		{A9A38C7E-1F08-4C00-905A-E3C896079069}.Release|Any CPU.Build.0 = Release|Any CPU
		{E2D595D6-28BD-4C7D-8AB8-82C4595F97C8}.Debug|Any CPU.ActiveCfg = Debug|Any CPU
		{E2D595D6-28BD-4C7D-8AB8-82C4595F97C8}.Debug|Any CPU.Build.0 = Debug|Any CPU
		{E2D595D6-28BD-4C7D-8AB8-82C4595F97C8}.Release|Any CPU.ActiveCfg = Release|Any CPU
		{E2D595D6-28BD-4C7D-8AB8-82C4595F97C8}.Release|Any CPU.Build.0 = Release|Any CPU
		{47A83B3B-E00C-41EE-B3DF-94DFF4E855FA}.Debug|Any CPU.ActiveCfg = Debug|Any CPU
		{47A83B3B-E00C-41EE-B3DF-94DFF4E855FA}.Debug|Any CPU.Build.0 = Debug|Any CPU
		{47A83B3B-E00C-41EE-B3DF-94DFF4E855FA}.Release|Any CPU.ActiveCfg = Release|Any CPU
		{47A83B3B-E00C-41EE-B3DF-94DFF4E855FA}.Release|Any CPU.Build.0 = Release|Any CPU
		{FFF5D56E-93D2-441C-98CB-29B25E38147E}.Debug|Any CPU.ActiveCfg = Debug|Any CPU
		{FFF5D56E-93D2-441C-98CB-29B25E38147E}.Debug|Any CPU.Build.0 = Debug|Any CPU
		{FFF5D56E-93D2-441C-98CB-29B25E38147E}.Release|Any CPU.ActiveCfg = Release|Any CPU
		{FFF5D56E-93D2-441C-98CB-29B25E38147E}.Release|Any CPU.Build.0 = Release|Any CPU
		{4A87EBD1-5466-4EE7-9651-84C2549E053B}.Debug|Any CPU.ActiveCfg = Debug|Any CPU
		{4A87EBD1-5466-4EE7-9651-84C2549E053B}.Debug|Any CPU.Build.0 = Debug|Any CPU
		{4A87EBD1-5466-4EE7-9651-84C2549E053B}.Release|Any CPU.ActiveCfg = Release|Any CPU
		{4A87EBD1-5466-4EE7-9651-84C2549E053B}.Release|Any CPU.Build.0 = Release|Any CPU
		{84890E46-DEFC-499D-A60A-258C80205464}.Debug|Any CPU.ActiveCfg = Debug|Any CPU
		{84890E46-DEFC-499D-A60A-258C80205464}.Debug|Any CPU.Build.0 = Debug|Any CPU
		{84890E46-DEFC-499D-A60A-258C80205464}.Release|Any CPU.ActiveCfg = Release|Any CPU
		{84890E46-DEFC-499D-A60A-258C80205464}.Release|Any CPU.Build.0 = Release|Any CPU
	EndGlobalSection
	GlobalSection(SolutionProperties) = preSolution
		HideSolutionNode = FALSE
	EndGlobalSection
	GlobalSection(ExtensibilityGlobals) = postSolution
		SolutionGuid = {D1313AA7-405D-4FC2-9809-CC16A29BF3D2}
	EndGlobalSection
EndGlobal
